
Microsoft Visual Studio Solution File, Format Version 12.00
# Visual Studio Version 16
VisualStudioVersion = 16.0.34301.259
MinimumVisualStudioVersion = 10.0.40219.1
Project("{FAE04EC0-301F-11D3-BF4B-00C04F79EFBC}") = "RaythosAerospace101", "RaythosAerospace101\RaythosAerospace101.csproj", "{19FF2E3A-5B93-4F93-B612-83C6663EBBF5}"
EndProject
Global
	GlobalSection(SolutionConfigurationPlatforms) = preSolution
		Debug|Any CPU = Debug|Any CPU
		Release|Any CPU = Release|Any CPU
	EndGlobalSection
	GlobalSection(ProjectConfigurationPlatforms) = postSolution
		{19FF2E3A-5B93-4F93-B612-83C6663EBBF5}.Debug|Any CPU.ActiveCfg = Debug|Any CPU
		{19FF2E3A-5B93-4F93-B612-83C6663EBBF5}.Debug|Any CPU.Build.0 = Debug|Any CPU
		{19FF2E3A-5B93-4F93-B612-83C6663EBBF5}.Release|Any CPU.ActiveCfg = Release|Any CPU
		{19FF2E3A-5B93-4F93-B612-83C6663EBBF5}.Release|Any CPU.Build.0 = Release|Any CPU
	EndGlobalSection
	GlobalSection(SolutionProperties) = preSolution
		HideSolutionNode = FALSE
	EndGlobalSection
	GlobalSection(ExtensibilityGlobals) = postSolution
		SolutionGuid = {2ABC5D27-68CB-42C6-87C5-D61F28492D49}
	EndGlobalSection
EndGlobal
